
Microsoft Visual Studio Solution File, Format Version 12.00
# Visual Studio Version 16
VisualStudioVersion = 16.0.31321.278
MinimumVisualStudioVersion = 10.0.40219.1
Project("{FAE04EC0-301F-11D3-BF4B-00C04F79EFBC}") = "CalculadoraSCRUM", "CalculadoraSCRUM\CalculadoraSCRUM.csproj", "{5283BB31-51AA-4B74-A0EA-A14B81CC17EB}"
EndProject
Global
	GlobalSection(SolutionConfigurationPlatforms) = preSolution
		Debug|Any CPU = Debug|Any CPU
		Release|Any CPU = Release|Any CPU
	EndGlobalSection
	GlobalSection(ProjectConfigurationPlatforms) = postSolution
		{5283BB31-51AA-4B74-A0EA-A14B81CC17EB}.Debug|Any CPU.ActiveCfg = Debug|Any CPU
		{5283BB31-51AA-4B74-A0EA-A14B81CC17EB}.Debug|Any CPU.Build.0 = Debug|Any CPU
		{5283BB31-51AA-4B74-A0EA-A14B81CC17EB}.Release|Any CPU.ActiveCfg = Release|Any CPU
		{5283BB31-51AA-4B74-A0EA-A14B81CC17EB}.Release|Any CPU.Build.0 = Release|Any CPU
	EndGlobalSection
	GlobalSection(SolutionProperties) = preSolution
		HideSolutionNode = FALSE
	EndGlobalSection
	GlobalSection(ExtensibilityGlobals) = postSolution
		SolutionGuid = {124883A0-DE92-4904-95CE-82CE8010BCB9}
	EndGlobalSection
EndGlobal
